
Microsoft Visual Studio Solution File, Format Version 12.00
# Visual Studio Version 16
VisualStudioVersion = 16.0.29709.97
MinimumVisualStudioVersion = 10.0.40219.1
Project("{FAE04EC0-301F-11D3-BF4B-00C04F79EFBC}") = "queueCollection", "queueCollection\queueCollection.csproj", "{1F592435-E535-4011-BFAD-89AB89655FA9}"
EndProject
Global
	GlobalSection(SolutionConfigurationPlatforms) = preSolution
		Debug|Any CPU = Debug|Any CPU
		Release|Any CPU = Release|Any CPU
	EndGlobalSection
	GlobalSection(ProjectConfigurationPlatforms) = postSolution
		{1F592435-E535-4011-BFAD-89AB89655FA9}.Debug|Any CPU.ActiveCfg = Debug|Any CPU
		{1F592435-E535-4011-BFAD-89AB89655FA9}.Debug|Any CPU.Build.0 = Debug|Any CPU
		{1F592435-E535-4011-BFAD-89AB89655FA9}.Release|Any CPU.ActiveCfg = Release|Any CPU
		{1F592435-E535-4011-BFAD-89AB89655FA9}.Release|Any CPU.Build.0 = Release|Any CPU
	EndGlobalSection
	GlobalSection(SolutionProperties) = preSolution
		HideSolutionNode = FALSE
	EndGlobalSection
	GlobalSection(ExtensibilityGlobals) = postSolution
		SolutionGuid = {68A1974E-208F-433B-869C-D2A9EBC5E12B}
	EndGlobalSection
EndGlobal
