
Microsoft Visual Studio Solution File, Format Version 12.00
# Visual Studio Version 16
VisualStudioVersion = 16.0.29709.97
MinimumVisualStudioVersion = 10.0.40219.1
Project("{FAE04EC0-301F-11D3-BF4B-00C04F79EFBC}") = "fliplist", "fliplist\fliplist.csproj", "{C606C4EC-8E19-4518-A80A-5605F9D4BC2F}"
EndProject
Global
	GlobalSection(SolutionConfigurationPlatforms) = preSolution
		Debug|Any CPU = Debug|Any CPU
		Release|Any CPU = Release|Any CPU
	EndGlobalSection
	GlobalSection(ProjectConfigurationPlatforms) = postSolution
		{C606C4EC-8E19-4518-A80A-5605F9D4BC2F}.Debug|Any CPU.ActiveCfg = Debug|Any CPU
		{C606C4EC-8E19-4518-A80A-5605F9D4BC2F}.Debug|Any CPU.Build.0 = Debug|Any CPU
		{C606C4EC-8E19-4518-A80A-5605F9D4BC2F}.Release|Any CPU.ActiveCfg = Release|Any CPU
		{C606C4EC-8E19-4518-A80A-5605F9D4BC2F}.Release|Any CPU.Build.0 = Release|Any CPU
	EndGlobalSection
	GlobalSection(SolutionProperties) = preSolution
		HideSolutionNode = FALSE
	EndGlobalSection
	GlobalSection(ExtensibilityGlobals) = postSolution
		SolutionGuid = {25D63DEF-878E-46F8-9F28-52419242772D}
	EndGlobalSection
EndGlobal
