
Microsoft Visual Studio Solution File, Format Version 12.00
# Visual Studio Version 16
VisualStudioVersion = 16.0.29709.97
MinimumVisualStudioVersion = 10.0.40219.1
Project("{FAE04EC0-301F-11D3-BF4B-00C04F79EFBC}") = "genericCollectionMethods", "genericCollectionMethods\genericCollectionMethods.csproj", "{81284A0F-AF01-4126-AF25-3797B22A44B7}"
EndProject
Global
	GlobalSection(SolutionConfigurationPlatforms) = preSolution
		Debug|Any CPU = Debug|Any CPU
		Release|Any CPU = Release|Any CPU
	EndGlobalSection
	GlobalSection(ProjectConfigurationPlatforms) = postSolution
		{81284A0F-AF01-4126-AF25-3797B22A44B7}.Debug|Any CPU.ActiveCfg = Debug|Any CPU
		{81284A0F-AF01-4126-AF25-3797B22A44B7}.Debug|Any CPU.Build.0 = Debug|Any CPU
		{81284A0F-AF01-4126-AF25-3797B22A44B7}.Release|Any CPU.ActiveCfg = Release|Any CPU
		{81284A0F-AF01-4126-AF25-3797B22A44B7}.Release|Any CPU.Build.0 = Release|Any CPU
	EndGlobalSection
	GlobalSection(SolutionProperties) = preSolution
		HideSolutionNode = FALSE
	EndGlobalSection
	GlobalSection(ExtensibilityGlobals) = postSolution
		SolutionGuid = {AC236679-AB47-48FC-8A70-5C3C45E66643}
	EndGlobalSection
EndGlobal
