
Microsoft Visual Studio Solution File, Format Version 12.00
# Visual Studio Version 16
VisualStudioVersion = 16.0.29709.97
MinimumVisualStudioVersion = 10.0.40219.1
Project("{FAE04EC0-301F-11D3-BF4B-00C04F79EFBC}") = "genericCollectionArray", "genericCollectionArray\genericCollectionArray.csproj", "{0AF782CB-1F16-41F3-BE47-E1C3621D98A8}"
EndProject
Global
	GlobalSection(SolutionConfigurationPlatforms) = preSolution
		Debug|Any CPU = Debug|Any CPU
		Release|Any CPU = Release|Any CPU
	EndGlobalSection
	GlobalSection(ProjectConfigurationPlatforms) = postSolution
		{0AF782CB-1F16-41F3-BE47-E1C3621D98A8}.Debug|Any CPU.ActiveCfg = Debug|Any CPU
		{0AF782CB-1F16-41F3-BE47-E1C3621D98A8}.Debug|Any CPU.Build.0 = Debug|Any CPU
		{0AF782CB-1F16-41F3-BE47-E1C3621D98A8}.Release|Any CPU.ActiveCfg = Release|Any CPU
		{0AF782CB-1F16-41F3-BE47-E1C3621D98A8}.Release|Any CPU.Build.0 = Release|Any CPU
	EndGlobalSection
	GlobalSection(SolutionProperties) = preSolution
		HideSolutionNode = FALSE
	EndGlobalSection
	GlobalSection(ExtensibilityGlobals) = postSolution
		SolutionGuid = {8CED9BAA-1F0D-4722-A5AE-0EB1CAEA4B84}
	EndGlobalSection
EndGlobal
