
Microsoft Visual Studio Solution File, Format Version 12.00
# Visual Studio Version 16
VisualStudioVersion = 16.0.29709.97
MinimumVisualStudioVersion = 10.0.40219.1
Project("{FAE04EC0-301F-11D3-BF4B-00C04F79EFBC}") = "linqsyntax", "linqsyntax\linqsyntax.csproj", "{5545BDE8-2EF7-42CA-82BD-DE7CF751867C}"
EndProject
Global
	GlobalSection(SolutionConfigurationPlatforms) = preSolution
		Debug|Any CPU = Debug|Any CPU
		Release|Any CPU = Release|Any CPU
	EndGlobalSection
	GlobalSection(ProjectConfigurationPlatforms) = postSolution
		{5545BDE8-2EF7-42CA-82BD-DE7CF751867C}.Debug|Any CPU.ActiveCfg = Debug|Any CPU
		{5545BDE8-2EF7-42CA-82BD-DE7CF751867C}.Debug|Any CPU.Build.0 = Debug|Any CPU
		{5545BDE8-2EF7-42CA-82BD-DE7CF751867C}.Release|Any CPU.ActiveCfg = Release|Any CPU
		{5545BDE8-2EF7-42CA-82BD-DE7CF751867C}.Release|Any CPU.Build.0 = Release|Any CPU
	EndGlobalSection
	GlobalSection(SolutionProperties) = preSolution
		HideSolutionNode = FALSE
	EndGlobalSection
	GlobalSection(ExtensibilityGlobals) = postSolution
		SolutionGuid = {63294956-1060-420D-982A-93847CC76B34}
	EndGlobalSection
EndGlobal
